
Microsoft Visual Studio Solution File, Format Version 12.00
# Visual Studio Version 17
VisualStudioVersion = 17.8.34309.116
MinimumVisualStudioVersion = 10.0.40219.1
Project("{9A19103F-16F7-4668-BE54-9A1E7A4F7556}") = "GNominasV1_JesusCG", "GNominasV1_JesusCG\GNominasV1_JesusCG.csproj", "{7D6733BA-0D6A-4C20-A0E0-97525BFA9124}"
EndProject
Project("{9A19103F-16F7-4668-BE54-9A1E7A4F7556}") = "GNominasV2", "GNominasV2\GNominasV2.csproj", "{E2FE9E8E-7548-41D5-83FA-1D4E8D44338A}"
EndProject
Project("{FAE04EC0-301F-11D3-BF4B-00C04F79EFBC}") = "GNomina_V3_FranGV", "GNomina_V3_FranGV\GNomina_V3_FranGV.csproj", "{D3D4DBE8-1885-46EA-9A6C-87D2829F6FCF}"
EndProject
Global
	GlobalSection(SolutionConfigurationPlatforms) = preSolution
		Debug|Any CPU = Debug|Any CPU
		Release|Any CPU = Release|Any CPU
	EndGlobalSection
	GlobalSection(ProjectConfigurationPlatforms) = postSolution
		{7D6733BA-0D6A-4C20-A0E0-97525BFA9124}.Debug|Any CPU.ActiveCfg = Debug|Any CPU
		{7D6733BA-0D6A-4C20-A0E0-97525BFA9124}.Debug|Any CPU.Build.0 = Debug|Any CPU
		{7D6733BA-0D6A-4C20-A0E0-97525BFA9124}.Release|Any CPU.ActiveCfg = Release|Any CPU
		{7D6733BA-0D6A-4C20-A0E0-97525BFA9124}.Release|Any CPU.Build.0 = Release|Any CPU
		{E2FE9E8E-7548-41D5-83FA-1D4E8D44338A}.Debug|Any CPU.ActiveCfg = Debug|Any CPU
		{E2FE9E8E-7548-41D5-83FA-1D4E8D44338A}.Debug|Any CPU.Build.0 = Debug|Any CPU
		{E2FE9E8E-7548-41D5-83FA-1D4E8D44338A}.Release|Any CPU.ActiveCfg = Release|Any CPU
		{E2FE9E8E-7548-41D5-83FA-1D4E8D44338A}.Release|Any CPU.Build.0 = Release|Any CPU
		{D3D4DBE8-1885-46EA-9A6C-87D2829F6FCF}.Debug|Any CPU.ActiveCfg = Debug|Any CPU
		{D3D4DBE8-1885-46EA-9A6C-87D2829F6FCF}.Debug|Any CPU.Build.0 = Debug|Any CPU
		{D3D4DBE8-1885-46EA-9A6C-87D2829F6FCF}.Release|Any CPU.ActiveCfg = Release|Any CPU
		{D3D4DBE8-1885-46EA-9A6C-87D2829F6FCF}.Release|Any CPU.Build.0 = Release|Any CPU
	EndGlobalSection
	GlobalSection(SolutionProperties) = preSolution
		HideSolutionNode = FALSE
	EndGlobalSection
	GlobalSection(ExtensibilityGlobals) = postSolution
		SolutionGuid = {9278E9BF-4E45-4EC1-B6B2-D8C821E202FD}
	EndGlobalSection
EndGlobal
